github.com/DanielaGonzalezM/figuras v0.0.0-20220301150315-367cd2e08ab0 h1:BgcYgMYtlqoLu7Az3CaNDt4pryQSGm1eC136j9vdi6o=
github.com/DanielaGonzalezM/figuras v0.0.0-20220301150315-367cd2e08ab0/go.mod h1:NTkTE/mA7E1iRBCIwM5D7KR3SztPhbLnNgUrlD34AyI=
github.com/donvito/hellomod v1.0.1 h1:tOU3KDwvrGW7QUHXYQnk6YUD+92aTsRmJItJTD9f4I4=
github.com/donvito/hellomod v1.0.1/go.mod h1:DuOSvrBCwGkjX0WS5ohdpC/q67fS0Mde3LEM+2jeHSw=
